# This file is automatically @generated by Poetry 2.2.1 and should not be changed by hand.

[[package]]
name = "shotgun-api3"
version = "3.9.0"
description = "Flow Production Tracking Python API"
optional = false
python-versions = ">=3.7.0"
groups = ["main"]
files = [
    {file = "shotgun_api3-3.9.0-py2.py3-none-any.whl", hash = "sha256:0cf5ab54364f294ad520cfdbd3b9adf8066231aa4cfcec3132481f641e252bda"},
    {file = "shotgun_api3-3.9.0.tar.gz", hash = "sha256:c935d9ee9994659b21ec20e27f1a846219aaeb28c053a15b26fea68e06fec141"},
]

[metadata]
lock-version = "2.1"
python-versions = ">=3.10"
content-hash = "9f05208c48e984c18b1d48862c93efc7838f4f5a76925cfa41ede5e05f83aa9d"
